// !$*UTF8*$!
{
	archiveVersion = 1;
	classes = {
	};
	objectVersion = 46;
	objects = {

/* Begin PBXBuildFile section */
		57908EC719D4904400A10EC2 /* main.m in Sources */ = {isa = PBXBuildFile; fileRef = 57908EC619D4904400A10EC2 /* main.m */; };
		57908ECA19D4904400A10EC2 /* AppDelegate.m in Sources */ = {isa = PBXBuildFile; fileRef = 57908EC919D4904400A10EC2 /* AppDelegate.m */; };
		57908ECD19D4904400A10EC2 /* ViewController.m in Sources */ = {isa = PBXBuildFile; fileRef = 57908ECC19D4904400A10EC2 /* ViewController.m */; };
		57908ED019D4904400A10EC2 /* Main.storyboard in Resources */ = {isa = PBXBuildFile; fileRef = 57908ECE19D4904400A10EC2 /* Main.storyboard */; };
		57908ED219D4904400A10EC2 /* Images.xcassets in Resources */ = {isa = PBXBuildFile; fileRef = 57908ED119D4904400A10EC2 /* Images.xcassets */; };
		57908ED519D4904400A10EC2 /* LaunchScreen.xib in Resources */ = {isa = PBXBuildFile; fileRef = 57908ED319D4904400A10EC2 /* LaunchScreen.xib */; };
		57908EE119D4904400A10EC2 /* GIT_TestTests.m in Sources */ = {isa = PBXBuildFile; fileRef = 57908EE019D4904400A10EC2 /* GIT_TestTests.m */; };
/* End PBXBuildFile section */

/* Begin PBXContainerItemProxy section */
		57908EDB19D4904400A10EC2 /* PBXContainerItemProxy */ = {
			isa = PBXContainerItemProxy;
			containerPortal = 57908EB919D4904400A10EC2 /* Project object */;
			proxyType = 1;
			remoteGlobalIDString = 57908EC019D4904400A10EC2;
			remoteInfo = "GIT Test";
		};
/* End PBXContainerItemProxy section */

/* Begin PBXFileReference section */
		57908EC119D4904400A10EC2 /* GIT Test.app */ = {isa = PBXFileReference; explicitFileType = wrapper.application; includeInIndex = 0; path = "GIT Test.app"; sourceTree = BUILT_PRODUCTS_DIR; };
		57908EC519D4904400A10EC2 /* Info.plist */ = {isa = PBXFileReference; lastKnownFileType = text.plist.xml; path = Info.plist; sourceTree = "<group>"; };
		57908EC619D4904400A10EC2 /* main.m */ = {isa = PBXFileReference; lastKnownFileType = sourcecode.c.objc; path = main.m; sourceTree = "<group>"; };
		57908EC819D4904400A10EC2 /* AppDelegate.h */ = {isa = PBXFileReference; lastKnownFileType = sourcecode.c.h; path = AppDelegate.h; sourceTree = "<group>"; };
		57908EC919D4904400A10EC2 /* AppDelegate.m */ = {isa = PBXFileReference; lastKnownFileType = sourcecode.c.objc; path = AppDelegate.m; sourceTree = "<group>"; };
		57908ECB19D4904400A10EC2 /* ViewController.h */ = {isa = PBXFileReference; lastKnownFileType = sourcecode.c.h; path = ViewController.h; sourceTree = "<group>"; };
		57908ECC19D4904400A10EC2 /* ViewController.m */ = {isa = PBXFileReference; lastKnownFileType = sourcecode.c.objc; path = ViewController.m; sourceTree = "<group>"; };
		57908ECF19D4904400A10EC2 /* Base */ = {isa = PBXFileReference; lastKnownFileType = file.storyboard; name = Base; path = Base.lproj/Main.storyboard; sourceTree = "<group>"; };
		57908ED119D4904400A10EC2 /* Images.xcassets */ = {isa = PBXFileReference; lastKnownFileType = folder.assetcatalog; path = Images.xcassets; sourceTree = "<group>"; };
		57908ED419D4904400A10EC2 /* Base */ = {isa = PBXFileReference; lastKnownFileType = file.xib; name = Base; path = Base.lproj/LaunchScreen.xib; sourceTree = "<group>"; };
		57908EDA19D4904400A10EC2 /* GIT TestTests.xctest */ = {isa = PBXFileReference; explicitFileType = wrapper.cfbundle; includeInIndex = 0; path = "GIT TestTests.xctest"; sourceTree = BUILT_PRODUCTS_DIR; };
		57908EDF19D4904400A10EC2 /* Info.plist */ = {isa = PBXFileReference; lastKnownFileType = text.plist.xml; path = Info.plist; sourceTree = "<group>"; };
		57908EE019D4904400A10EC2 /* GIT_TestTests.m */ = {isa = PBXFileReference; lastKnownFileType = sourcecode.c.objc; path = GIT_TestTests.m; sourceTree = "<group>"; };
/* End PBXFileReference section */

/* Begin PBXFrameworksBuildPhase section */
		57908EBE19D4904400A10EC2 /* Frameworks */ = {
			isa = PBXFrameworksBuildPhase;
			buildActionMask = 2147483647;
			files = (
			);
			runOnlyForDeploymentPostprocessing = 0;
		};
		57908ED719D4904400A10EC2 /* Frameworks */ = {
			isa = PBXFrameworksBuildPhase;
			buildActionMask = 2147483647;
			files = (
			);
			runOnlyForDeploymentPostprocessing = 0;
		};
/* End PBXFrameworksBuildPhase section */

/* Begin PBXGroup section */
		57908EB819D4904400A10EC2 = {
			isa = PBXGroup;
			children = (
				57908EC319D4904400A10EC2 /* GIT Test */,
				57908EDD19D4904400A10EC2 /* GIT TestTests */,
				57908EC219D4904400A10EC2 /* Products */,
			);
			sourceTree = "<group>";
		};
		57908EC219D4904400A10EC2 /* Products */ = {
			isa = PBXGroup;
			children = (
				57908EC119D4904400A10EC2 /* GIT Test.app */,
				57908EDA19D4904400A10EC2 /* GIT TestTests.xctest */,
			);
			name = Products;
			sourceTree = "<group>";
		};
		57908EC319D4904400A10EC2 /* GIT Test */ = {
			isa = PBXGroup;
			children = (
				57908EC819D4904400A10EC2 /* AppDelegate.h */,
				57908EC919D4904400A10EC2 /* AppDelegate.m */,
				57908ECB19D4904400A10EC2 /* ViewController.h */,
				57908ECC19D4904400A10EC2 /* ViewController.m */,
				57908ECE19D4904400A10EC2 /* Main.storyboard */,
				57908ED119D4904400A10EC2 /* Images.xcassets */,
				57908ED319D4904400A10EC2 /* LaunchScreen.xib */,
				57908EC419D4904400A10EC2 /* Supporting Files */,
			);
			path = "GIT Test";
			sourceTree = "<group>";
		};
		57908EC419D4904400A10EC2 /* Supporting Files */ = {
			isa = PBXGroup;
			children = (
				57908EC519D4904400A10EC2 /* Info.plist */,
				57908EC619D4904400A10EC2 /* main.m */,
			);
			name = "Supporting Files";
			sourceTree = "<group>";
		};
		57908EDD19D4904400A10EC2 /* GIT TestTests */ = {
			isa = PBXGroup;
			children = (
				57908EE019D4904400A10EC2 /* GIT_TestTests.m */,
				57908EDE19D4904400A10EC2 /* Supporting Files */,
			);
			path = "GIT TestTests";
			sourceTree = "<group>";
		};
		57908EDE19D4904400A10EC2 /* Supporting Files */ = {
			isa = PBXGroup;
			children = (
				57908EDF19D4904400A10EC2 /* Info.plist */,
			);
			name = "Supporting Files";
			sourceTree = "<group>";
		};
/* End PBXGroup section */

/* Begin PBXNativeTarget section */
		57908EC019D4904400A10EC2 /* GIT Test */ = {
			isa = PBXNativeTarget;
			buildConfigurationList = 57908EE419D4904400A10EC2 /* Build configuration list for PBXNativeTarget "GIT Test" */;
			buildPhases = (
				57908EBD19D4904400A10EC2 /* Sources */,
				57908EBE19D4904400A10EC2 /* Frameworks */,
				57908EBF19D4904400A10EC2 /* Resources */,
			);
			buildRules = (
			);
			dependencies = (
			);
			name = "GIT Test";
			productName = "GIT Test";
			productReference = 57908EC119D4904400A10EC2 /* GIT Test.app */;
			productType = "com.apple.product-type.application";
		};
		57908ED919D4904400A10EC2 /* GIT TestTests */ = {
			isa = PBXNativeTarget;
			buildConfigurationList = 57908EE719D4904400A10EC2 /* Build configuration list for PBXNativeTarget "GIT TestTests" */;
			buildPhases = (
				57908ED619D4904400A10EC2 /* Sources */,
				57908ED719D4904400A10EC2 /* Frameworks */,
				57908ED819D4904400A10EC2 /* Resources */,
			);
			buildRules = (
			);
			dependencies = (
				57908EDC19D4904400A10EC2 /* PBXTargetDependency */,
			);
			name = "GIT TestTests";
			productName = "GIT TestTests";
			productReference = 57908EDA19D4904400A10EC2 /* GIT TestTests.xctest */;
			productType = "com.apple.product-type.bundle.unit-test";
		};
/* End PBXNativeTarget section */

/* Begin PBXProject section */
		57908EB919D4904400A10EC2 /* Project object */ = {
			isa = PBXProject;
			attributes = {
				LastUpgradeCheck = 0600;
				ORGANIZATIONNAME = "Jadiel Flores";
				TargetAttributes = {
					57908EC019D4904400A10EC2 = {
						CreatedOnToolsVersion = 6.0.1;
					};
					57908ED919D4904400A10EC2 = {
						CreatedOnToolsVersion = 6.0.1;
						TestTargetID = 57908EC019D4904400A10EC2;
					};
				};
			};
			buildConfigurationList = 57908EBC19D4904400A10EC2 /* Build configuration list for PBXProject "GIT Test" */;
			compatibilityVersion = "Xcode 3.2";
			developmentRegion = English;
			hasScannedForEncodings = 0;
			knownRegions = (
				en,
				Base,
			);
			mainGroup = 57908EB819D4904400A10EC2;
			productRefGroup = 57908EC219D4904400A10EC2 /* Products */;
			projectDirPath = "";
			projectRoot = "";
			targets = (
				57908EC019D4904400A10EC2 /* GIT Test */,
				57908ED919D4904400A10EC2 /* GIT TestTests */,
			);
		};
/* End PBXProject section */

/* Begin PBXResourcesBuildPhase section */
		57908EBF19D4904400A10EC2 /* Resources */ = {
			isa = PBXResourcesBuildPhase;
			buildActionMask = 2147483647;
			files = (
				57908ED019D4904400A10EC2 /* Main.storyboard in Resources */,
				57908ED519D4904400A10EC2 /* LaunchScreen.xib in Resources */,
				57908ED219D4904400A10EC2 /* Images.xcassets in Resources */,
			);
			runOnlyForDeploymentPostprocessing = 0;
		};
		57908ED819D4904400A10EC2 /* Resources */ = {
			isa = PBXResourcesBuildPhase;
			buildActionMask = 2147483647;
			files = (
			);
			runOnlyForDeploymentPostprocessing = 0;
		};
/* End PBXResourcesBuildPhase section */

/* Begin PBXSourcesBuildPhase section */
		57908EBD19D4904400A10EC2 /* Sources */ = {
			isa = PBXSourcesBuildPhase;
			buildActionMask = 2147483647;
			files = (
				57908ECD19D4904400A10EC2 /* ViewController.m in Sources */,
				57908ECA19D4904400A10EC2 /* AppDelegate.m in Sources */,
				57908EC719D4904400A10EC2 /* main.m in Sources */,
			);
			runOnlyForDeploymentPostprocessing = 0;
		};
		57908ED619D4904400A10EC2 /* Sources */ = {
			isa = PBXSourcesBuildPhase;
			buildActionMask = 2147483647;
			files = (
				57908EE119D4904400A10EC2 /* GIT_TestTests.m in Sources */,
			);
			runOnlyForDeploymentPostprocessing = 0;
		};
/* End PBXSourcesBuildPhase section */

/* Begin PBXTargetDependency section */
		57908EDC19D4904400A10EC2 /* PBXTargetDependency */ = {
			isa = PBXTargetDependency;
			target = 57908EC019D4904400A10EC2 /* GIT Test */;
			targetProxy = 57908EDB19D4904400A10EC2 /* PBXContainerItemProxy */;
		};
/* End PBXTargetDependency section */

/* Begin PBXVariantGroup section */
		57908ECE19D4904400A10EC2 /* Main.storyboard */ = {
			isa = PBXVariantGroup;
			children = (
				57908ECF19D4904400A10EC2 /* Base */,
			);
			name = Main.storyboard;
			sourceTree = "<group>";
		};
		57908ED319D4904400A10EC2 /* LaunchScreen.xib */ = {
			isa = PBXVariantGroup;
			children = (
				57908ED419D4904400A10EC2 /* Base */,
			);
			name = LaunchScreen.xib;
			sourceTree = "<group>";
		};
/* End PBXVariantGroup section */

/* Begin XCBuildConfiguration section */
		57908EE219D4904400A10EC2 /* Debug */ = {
			isa = XCBuildConfiguration;
			buildSettings = {
				ALWAYS_SEARCH_USER_PATHS = NO;
				CLANG_CXX_LANGUAGE_STANDARD = "gnu++0x";
				CLANG_CXX_LIBRARY = "libc++";
				CLANG_ENABLE_MODULES = YES;
				CLANG_ENABLE_OBJC_ARC = YES;
				CLANG_WARN_BOOL_CONVERSION = YES;
				CLANG_WARN_CONSTANT_CONVERSION = YES;
				CLANG_WARN_DIRECT_OBJC_ISA_USAGE = YES_ERROR;
				CLANG_WARN_EMPTY_BODY = YES;
				CLANG_WARN_ENUM_CONVERSION = YES;
				CLANG_WARN_INT_CONVERSION = YES;
				CLANG_WARN_OBJC_ROOT_CLASS = YES_ERROR;
				CLANG_WARN_UNREACHABLE_CODE = YES;
				CLANG_WARN__DUPLICATE_METHOD_MATCH = YES;
				"CODE_SIGN_IDENTITY[sdk=iphoneos*]" = "iPhone Developer";
				COPY_PHASE_STRIP = NO;
				ENABLE_STRICT_OBJC_MSGSEND = YES;
				GCC_C_LANGUAGE_STANDARD = gnu99;
				GCC_DYNAMIC_NO_PIC = NO;
				GCC_OPTIMIZATION_LEVEL = 0;
				GCC_PREPROCESSOR_DEFINITIONS = (
					"DEBUG=1",
					"$(inherited)",
				);
				GCC_SYMBOLS_PRIVATE_EXTERN = NO;
				GCC_WARN_64_TO_32_BIT_CONVERSION = YES;
				GCC_WARN_ABOUT_RETURN_TYPE = YES_ERROR;
				GCC_WARN_UNDECLARED_SELECTOR = YES;
				GCC_WARN_UNINITIALIZED_AUTOS = YES_AGGRESSIVE;
				GCC_WARN_UNUSED_FUNCTION = YES;
				GCC_WARN_UNUSED_VARIABLE = YES;
				IPHONEOS_DEPLOYMENT_TARGET = 8.0;
				MTL_ENABLE_DEBUG_INFO = YES;
				ONLY_ACTIVE_ARCH = YES;
				SDKROOT = iphoneos;
			};
			name = Debug;
		};
		57908EE319D4904400A10EC2 /* Release */ = {
			isa = XCBuildConfiguration;
			buildSettings = {
				ALWAYS_SEARCH_USER_PATHS = NO;
				CLANG_CXX_LANGUAGE_STANDARD = "gnu++0x";
				CLANG_CXX_LIBRARY = "libc++";
				CLANG_ENABLE_MODULES = YES;
				CLANG_ENABLE_OBJC_ARC = YES;
				CLANG_WARN_BOOL_CONVERSION = YES;
				CLANG_WARN_CONSTANT_CONVERSION = YES;
				CLANG_WARN_DIRECT_OBJC_ISA_USAGE = YES_ERROR;
				CLANG_WARN_EMPTY_BODY = YES;
				CLANG_WARN_ENUM_CONVERSION = YES;
				CLANG_WARN_INT_CONVERSION = YES;
				CLANG_WARN_OBJC_ROOT_CLASS = YES_ERROR;
				CLANG_WARN_UNREACHABLE_CODE = YES;
				CLANG_WARN__DUPLICATE_METHOD_MATCH = YES;
				"CODE_SIGN_IDENTITY[sdk=iphoneos*]" = "iPhone Developer";
				COPY_PHASE_STRIP = YES;
				ENABLE_NS_ASSERTIONS = NO;
				ENABLE_STRICT_OBJC_MSGSEND = YES;
				GCC_C_LANGUAGE_STANDARD = gnu99;
				GCC_WARN_64_TO_32_BIT_CONVERSION = YES;
				GCC_WARN_ABOUT_RETURN_TYPE = YES_ERROR;
				GCC_WARN_UNDECLARED_SELECTOR = YES;
				GCC_WARN_UNINITIALIZED_AUTOS = YES_AGGRESSIVE;
				GCC_WARN_UNUSED_FUNCTION = YES;
				GCC_WARN_UNUSED_VARIABLE = YES;
				IPHONEOS_DEPLOYMENT_TARGET = 8.0;
				MTL_ENABLE_DEBUG_INFO = NO;
				SDKROOT = iphoneos;
				VALIDATE_PRODUCT = YES;
			};
			name = Release;
		};
		57908EE519D4904400A10EC2 /* Debug */ = {
			isa = XCBuildConfiguration;
			buildSettings = {
				ASSETCATALOG_COMPILER_APPICON_NAME = AppIcon;
				INFOPLIST_FILE = "GIT Test/Info.plist";
				LD_RUNPATH_SEARCH_PATHS = "$(inherited) @executable_path/Frameworks";
				PRODUCT_NAME = "$(TARGET_NAME)";
			};
			name = Debug;
		};
		57908EE619D4904400A10EC2 /* Release */ = {
			isa = XCBuildConfiguration;
			buildSettings = {
				ASSETCATALOG_COMPILER_APPICON_NAME = AppIcon;
				INFOPLIST_FILE = "GIT Test/Info.plist";
				LD_RUNPATH_SEARCH_PATHS = "$(inherited) @executable_path/Frameworks";
				PRODUCT_NAME = "$(TARGET_NAME)";
			};
			name = Release;
		};
		57908EE819D4904400A10EC2 /* Debug */ = {
			isa = XCBuildConfiguration;
			buildSettings = {
				BUNDLE_LOADER = "$(TEST_HOST)";
				FRAMEWORK_SEARCH_PATHS = (
					"$(SDKROOT)/Developer/Library/Frameworks",
					"$(inherited)",
				);
				GCC_PREPROCESSOR_DEFINITIONS = (
					"DEBUG=1",
					"$(inherited)",
				);
				INFOPLIST_FILE = "GIT TestTests/Info.plist";
				LD_RUNPATH_SEARCH_PATHS = "$(inherited) @executable_path/Frameworks @loader_path/Frameworks";
				PRODUCT_NAME = "$(TARGET_NAME)";
				TEST_HOST = "$(BUILT_PRODUCTS_DIR)/GIT Test.app/GIT Test";
			};
			name = Debug;
		};
		57908EE919D4904400A10EC2 /* Release */ = {
			isa = XCBuildConfiguration;
			buildSettings = {
				BUNDLE_LOADER = "$(TEST_HOST)";
				FRAMEWORK_SEARCH_PATHS = (
					"$(SDKROOT)/Developer/Library/Frameworks",
					"$(inherited)",
				);
				INFOPLIST_FILE = "GIT TestTests/Info.plist";
				LD_RUNPATH_SEARCH_PATHS = "$(inherited) @executable_path/Frameworks @loader_path/Frameworks";
				PRODUCT_NAME = "$(TARGET_NAME)";
				TEST_HOST = "$(BUILT_PRODUCTS_DIR)/GIT Test.app/GIT Test";
			};
			name = Release;
		};
/* End XCBuildConfiguration section */

/* Begin XCConfigurationList section */
		57908EBC19D4904400A10EC2 /* Build configuration list for PBXProject "GIT Test" */ = {
			isa = XCConfigurationList;
			buildConfigurations = (
				57908EE219D4904400A10EC2 /* Debug */,
				57908EE319D4904400A10EC2 /* Release */,
			);
			defaultConfigurationIsVisible = 0;
			defaultConfigurationName = Release;
		};
		57908EE419D4904400A10EC2 /* Build configuration list for PBXNativeTarget "GIT Test" */ = {
			isa = XCConfigurationList;
			buildConfigurations = (
				57908EE519D4904400A10EC2 /* Debug */,
				57908EE619D4904400A10EC2 /* Release */,
			);
			defaultConfigurationIsVisible = 0;
		};
		57908EE719D4904400A10EC2 /* Build configuration list for PBXNativeTarget "GIT TestTests" */ = {
			isa = XCConfigurationList;
			buildConfigurations = (
				57908EE819D4904400A10EC2 /* Debug */,
				57908EE919D4904400A10EC2 /* Release */,
			);
			defaultConfigurationIsVisible = 0;
		};
/* End XCConfigurationList section */
	};
	rootObject = 57908EB919D4904400A10EC2 /* Project object */;
}
